
Microsoft Visual Studio Solution File, Format Version 12.00
# Visual Studio Version 17
VisualStudioVersion = 17.11.35312.102
MinimumVisualStudioVersion = 10.0.40219.1
Project("{FAE04EC0-301F-11D3-BF4B-00C04F79EFBC}") = "RockPaperScissors", "RockPaperScissors\RockPaperScissors.csproj", "{BC1AE29D-D965-4085-ABF0-ADF0407ADA06}"
EndProject
Global
	GlobalSection(SolutionConfigurationPlatforms) = preSolution
		Debug|Any CPU = Debug|Any CPU
		Release|Any CPU = Release|Any CPU
	EndGlobalSection
	GlobalSection(ProjectConfigurationPlatforms) = postSolution
		{BC1AE29D-D965-4085-ABF0-ADF0407ADA06}.Debug|Any CPU.ActiveCfg = Debug|Any CPU
		{BC1AE29D-D965-4085-ABF0-ADF0407ADA06}.Debug|Any CPU.Build.0 = Debug|Any CPU
		{BC1AE29D-D965-4085-ABF0-ADF0407ADA06}.Release|Any CPU.ActiveCfg = Release|Any CPU
		{BC1AE29D-D965-4085-ABF0-ADF0407ADA06}.Release|Any CPU.Build.0 = Release|Any CPU
	EndGlobalSection
	GlobalSection(SolutionProperties) = preSolution
		HideSolutionNode = FALSE
	EndGlobalSection
	GlobalSection(ExtensibilityGlobals) = postSolution
		SolutionGuid = {30945F38-8FBB-41A7-8109-0CFD713D7494}
	EndGlobalSection
EndGlobal
